
Microsoft Visual Studio Solution File, Format Version 12.00
# Visual Studio Version 17
VisualStudioVersion = 17.5.2.0
MinimumVisualStudioVersion = 10.0.40219.1
Project("{FAE04EC0-301F-11D3-BF4B-00C04F79EFBC}") = "Clinic.Models", "Clinic.Models\Clinic.Models.csproj", "{5351F009-4016-C1FF-B495-C469DDDFBE5E}"
EndProject
Project("{FAE04EC0-301F-11D3-BF4B-00C04F79EFBC}") = "Clinic.Api", "Clinic.Api\Clinic.Api.csproj", "{7433D860-E79F-44AA-BA33-9E0F5901578D}"
EndProject
Project("{FAE04EC0-301F-11D3-BF4B-00C04F79EFBC}") = "Clinic.DataBase", "Clinic.DataBase\Clinic.DataBase.csproj", "{9A5F5BA1-0C3F-4B3F-9AE7-4FD8E3C5F2C4}"
EndProject
Project("{FAE04EC0-301F-11D3-BF4B-00C04F79EFBC}") = "Clinic.Tests", "Clinic.Tests\Clinic.Tests.csproj", "{D3E7E045-5C0D-4199-AE4A-7468F477DE74}"
EndProject
Global
	GlobalSection(SolutionConfigurationPlatforms) = preSolution
		Debug|Any CPU = Debug|Any CPU
		Debug|x64 = Debug|x64
		Debug|x86 = Debug|x86
		Release|Any CPU = Release|Any CPU
		Release|x64 = Release|x64
		Release|x86 = Release|x86
	EndGlobalSection
	GlobalSection(ProjectConfigurationPlatforms) = postSolution
		{5351F009-4016-C1FF-B495-C469DDDFBE5E}.Debug|Any CPU.ActiveCfg = Debug|Any CPU
		{5351F009-4016-C1FF-B495-C469DDDFBE5E}.Debug|Any CPU.Build.0 = Debug|Any CPU
		{5351F009-4016-C1FF-B495-C469DDDFBE5E}.Debug|x64.ActiveCfg = Debug|Any CPU
		{5351F009-4016-C1FF-B495-C469DDDFBE5E}.Debug|x64.Build.0 = Debug|Any CPU
		{5351F009-4016-C1FF-B495-C469DDDFBE5E}.Debug|x86.ActiveCfg = Debug|Any CPU
		{5351F009-4016-C1FF-B495-C469DDDFBE5E}.Debug|x86.Build.0 = Debug|Any CPU
		{5351F009-4016-C1FF-B495-C469DDDFBE5E}.Release|Any CPU.ActiveCfg = Release|Any CPU
		{5351F009-4016-C1FF-B495-C469DDDFBE5E}.Release|Any CPU.Build.0 = Release|Any CPU
		{5351F009-4016-C1FF-B495-C469DDDFBE5E}.Release|x64.ActiveCfg = Release|Any CPU
		{5351F009-4016-C1FF-B495-C469DDDFBE5E}.Release|x64.Build.0 = Release|Any CPU
		{5351F009-4016-C1FF-B495-C469DDDFBE5E}.Release|x86.ActiveCfg = Release|Any CPU
		{5351F009-4016-C1FF-B495-C469DDDFBE5E}.Release|x86.Build.0 = Release|Any CPU
		{7433D860-E79F-44AA-BA33-9E0F5901578D}.Debug|Any CPU.ActiveCfg = Debug|Any CPU
		{7433D860-E79F-44AA-BA33-9E0F5901578D}.Debug|Any CPU.Build.0 = Debug|Any CPU
		{7433D860-E79F-44AA-BA33-9E0F5901578D}.Debug|x64.ActiveCfg = Debug|Any CPU
		{7433D860-E79F-44AA-BA33-9E0F5901578D}.Debug|x64.Build.0 = Debug|Any CPU
		{7433D860-E79F-44AA-BA33-9E0F5901578D}.Debug|x86.ActiveCfg = Debug|Any CPU
		{7433D860-E79F-44AA-BA33-9E0F5901578D}.Debug|x86.Build.0 = Debug|Any CPU
		{7433D860-E79F-44AA-BA33-9E0F5901578D}.Release|Any CPU.ActiveCfg = Release|Any CPU
		{7433D860-E79F-44AA-BA33-9E0F5901578D}.Release|Any CPU.Build.0 = Release|Any CPU
		{7433D860-E79F-44AA-BA33-9E0F5901578D}.Release|x64.ActiveCfg = Release|Any CPU
		{7433D860-E79F-44AA-BA33-9E0F5901578D}.Release|x64.Build.0 = Release|Any CPU
		{7433D860-E79F-44AA-BA33-9E0F5901578D}.Release|x86.ActiveCfg = Release|Any CPU
		{7433D860-E79F-44AA-BA33-9E0F5901578D}.Release|x86.Build.0 = Release|Any CPU
		{9A5F5BA1-0C3F-4B3F-9AE7-4FD8E3C5F2C4}.Debug|Any CPU.ActiveCfg = Debug|Any CPU
		{9A5F5BA1-0C3F-4B3F-9AE7-4FD8E3C5F2C4}.Debug|Any CPU.Build.0 = Debug|Any CPU
		{9A5F5BA1-0C3F-4B3F-9AE7-4FD8E3C5F2C4}.Debug|x64.ActiveCfg = Debug|Any CPU
		{9A5F5BA1-0C3F-4B3F-9AE7-4FD8E3C5F2C4}.Debug|x64.Build.0 = Debug|Any CPU
		{9A5F5BA1-0C3F-4B3F-9AE7-4FD8E3C5F2C4}.Debug|x86.ActiveCfg = Debug|Any CPU
		{9A5F5BA1-0C3F-4B3F-9AE7-4FD8E3C5F2C4}.Debug|x86.Build.0 = Debug|Any CPU
		{9A5F5BA1-0C3F-4B3F-9AE7-4FD8E3C5F2C4}.Release|Any CPU.ActiveCfg = Release|Any CPU
		{9A5F5BA1-0C3F-4B3F-9AE7-4FD8E3C5F2C4}.Release|Any CPU.Build.0 = Release|Any CPU
		{9A5F5BA1-0C3F-4B3F-9AE7-4FD8E3C5F2C4}.Release|x64.ActiveCfg = Release|Any CPU
		{9A5F5BA1-0C3F-4B3F-9AE7-4FD8E3C5F2C4}.Release|x64.Build.0 = Release|Any CPU
		{9A5F5BA1-0C3F-4B3F-9AE7-4FD8E3C5F2C4}.Release|x86.ActiveCfg = Release|Any CPU
		{9A5F5BA1-0C3F-4B3F-9AE7-4FD8E3C5F2C4}.Release|x86.Build.0 = Release|Any CPU
		{D3E7E045-5C0D-4199-AE4A-7468F477DE74}.Debug|Any CPU.ActiveCfg = Debug|Any CPU
		{D3E7E045-5C0D-4199-AE4A-7468F477DE74}.Debug|Any CPU.Build.0 = Debug|Any CPU
		{D3E7E045-5C0D-4199-AE4A-7468F477DE74}.Debug|x64.ActiveCfg = Debug|Any CPU
		{D3E7E045-5C0D-4199-AE4A-7468F477DE74}.Debug|x64.Build.0 = Debug|Any CPU
		{D3E7E045-5C0D-4199-AE4A-7468F477DE74}.Debug|x86.ActiveCfg = Debug|Any CPU
		{D3E7E045-5C0D-4199-AE4A-7468F477DE74}.Debug|x86.Build.0 = Debug|Any CPU
		{D3E7E045-5C0D-4199-AE4A-7468F477DE74}.Release|Any CPU.ActiveCfg = Release|Any CPU
		{D3E7E045-5C0D-4199-AE4A-7468F477DE74}.Release|Any CPU.Build.0 = Release|Any CPU
		{D3E7E045-5C0D-4199-AE4A-7468F477DE74}.Release|x64.ActiveCfg = Release|Any CPU
		{D3E7E045-5C0D-4199-AE4A-7468F477DE74}.Release|x64.Build.0 = Release|Any CPU
		{D3E7E045-5C0D-4199-AE4A-7468F477DE74}.Release|x86.ActiveCfg = Release|Any CPU
		{D3E7E045-5C0D-4199-AE4A-7468F477DE74}.Release|x86.Build.0 = Release|Any CPU
	EndGlobalSection
	GlobalSection(SolutionProperties) = preSolution
		HideSolutionNode = FALSE
	EndGlobalSection
	GlobalSection(ExtensibilityGlobals) = postSolution
		SolutionGuid = {6E454636-A821-46B9-A0BD-05DA9F1F5DE1}
	EndGlobalSection
EndGlobal
