
Microsoft Visual Studio Solution File, Format Version 12.00
# Visual Studio Version 17
VisualStudioVersion = 17.5.2.0
MinimumVisualStudioVersion = 10.0.40219.1
Project("{FAE04EC0-301F-11D3-BF4B-00C04F79EFBC}") = "Clinic.Models", "Clinic.Models\Clinic.Models.csproj", "{5351F009-4016-C1FF-B495-C469DDDFBE5E}"
EndProject
Project("{FAE04EC0-301F-11D3-BF4B-00C04F79EFBC}") = "Clinic.Api", "Clinic.Api\Clinic.Api.csproj", "{7433D860-E79F-44AA-BA33-9E0F5901578D}"
EndProject
Project("{FAE04EC0-301F-11D3-BF4B-00C04F79EFBC}") = "Clinic.DataBase", "Clinic.DataBase\Clinic.DataBase.csproj", "{9A5F5BA1-0C3F-4B3F-9AE7-4FD8E3C5F2C4}"
EndProject
Project("{FAE04EC0-301F-11D3-BF4B-00C04F79EFBC}") = "Clinic.Tests", "Clinic.Tests\Clinic.Tests.csproj", "{D3E7E045-5C0D-4199-AE4A-7468F477DE74}"
EndProject
Project("{FAE04EC0-301F-11D3-BF4B-00C04F79EFBC}") = "Clinic.AppHost", "Clinic.AppHost\Clinic.AppHost.csproj", "{7BD8C638-56B5-438F-BE87-2A628C5F7C8F}"
EndProject
Project("{FAE04EC0-301F-11D3-BF4B-00C04F79EFBC}") = "Clinic.Application", "Clinic.Application\Clinic.Application.csproj", "{43A97106-90F1-4FC0-B66E-1D6DA5950260}"
EndProject
Project("{FAE04EC0-301F-11D3-BF4B-00C04F79EFBC}") = "Clinic.InMemory", "Clinic.InMemory\Clinic.InMemory.csproj", "{C77BBDCF-DF57-404C-B821-9DA7E6C06AD7}"
EndProject
Project("{FAE04EC0-301F-11D3-BF4B-00C04F79EFBC}") = "Clinic.Contracts", "Clinic.Contracts\Clinic.Contracts.csproj", "{A17E9A18-4BE4-4C25-88F8-3E0B6C264B55}"
EndProject
Project("{FAE04EC0-301F-11D3-BF4B-00C04F79EFBC}") = "Clinic.AppointmentGenerator", "Clinic.AppointmentGenerator\Clinic.AppointmentGenerator.csproj", "{8D7E3ED3-6C45-4A9F-8C09-A0F4D50F1B9F}"
EndProject
Project("{FAE04EC0-301F-11D3-BF4B-00C04F79EFBC}") = "Clinic.Application.Services", "Clinic.Application.Services\Clinic.Application.Services.csproj", "{E53E900D-1022-490F-B559-E74774E27FE3}"
EndProject
Global
	GlobalSection(SolutionConfigurationPlatforms) = preSolution
		Debug|Any CPU = Debug|Any CPU
		Debug|x64 = Debug|x64
		Debug|x86 = Debug|x86
		Release|Any CPU = Release|Any CPU
		Release|x64 = Release|x64
		Release|x86 = Release|x86
	EndGlobalSection
	GlobalSection(ProjectConfigurationPlatforms) = postSolution
		{5351F009-4016-C1FF-B495-C469DDDFBE5E}.Debug|Any CPU.ActiveCfg = Debug|Any CPU
		{5351F009-4016-C1FF-B495-C469DDDFBE5E}.Debug|Any CPU.Build.0 = Debug|Any CPU
		{5351F009-4016-C1FF-B495-C469DDDFBE5E}.Debug|x64.ActiveCfg = Debug|Any CPU
		{5351F009-4016-C1FF-B495-C469DDDFBE5E}.Debug|x64.Build.0 = Debug|Any CPU
		{5351F009-4016-C1FF-B495-C469DDDFBE5E}.Debug|x86.ActiveCfg = Debug|Any CPU
		{5351F009-4016-C1FF-B495-C469DDDFBE5E}.Debug|x86.Build.0 = Debug|Any CPU
		{5351F009-4016-C1FF-B495-C469DDDFBE5E}.Release|Any CPU.ActiveCfg = Release|Any CPU
		{5351F009-4016-C1FF-B495-C469DDDFBE5E}.Release|Any CPU.Build.0 = Release|Any CPU
		{5351F009-4016-C1FF-B495-C469DDDFBE5E}.Release|x64.ActiveCfg = Release|Any CPU
		{5351F009-4016-C1FF-B495-C469DDDFBE5E}.Release|x64.Build.0 = Release|Any CPU
		{5351F009-4016-C1FF-B495-C469DDDFBE5E}.Release|x86.ActiveCfg = Release|Any CPU
		{5351F009-4016-C1FF-B495-C469DDDFBE5E}.Release|x86.Build.0 = Release|Any CPU
		{7433D860-E79F-44AA-BA33-9E0F5901578D}.Debug|Any CPU.ActiveCfg = Debug|Any CPU
		{7433D860-E79F-44AA-BA33-9E0F5901578D}.Debug|Any CPU.Build.0 = Debug|Any CPU
		{7433D860-E79F-44AA-BA33-9E0F5901578D}.Debug|x64.ActiveCfg = Debug|Any CPU
		{7433D860-E79F-44AA-BA33-9E0F5901578D}.Debug|x64.Build.0 = Debug|Any CPU
		{7433D860-E79F-44AA-BA33-9E0F5901578D}.Debug|x86.ActiveCfg = Debug|Any CPU
		{7433D860-E79F-44AA-BA33-9E0F5901578D}.Debug|x86.Build.0 = Debug|Any CPU
		{7433D860-E79F-44AA-BA33-9E0F5901578D}.Release|Any CPU.ActiveCfg = Release|Any CPU
		{7433D860-E79F-44AA-BA33-9E0F5901578D}.Release|Any CPU.Build.0 = Release|Any CPU
		{7433D860-E79F-44AA-BA33-9E0F5901578D}.Release|x64.ActiveCfg = Release|Any CPU
		{7433D860-E79F-44AA-BA33-9E0F5901578D}.Release|x64.Build.0 = Release|Any CPU
		{7433D860-E79F-44AA-BA33-9E0F5901578D}.Release|x86.ActiveCfg = Release|Any CPU
		{7433D860-E79F-44AA-BA33-9E0F5901578D}.Release|x86.Build.0 = Release|Any CPU
		{9A5F5BA1-0C3F-4B3F-9AE7-4FD8E3C5F2C4}.Debug|Any CPU.ActiveCfg = Debug|Any CPU
		{9A5F5BA1-0C3F-4B3F-9AE7-4FD8E3C5F2C4}.Debug|Any CPU.Build.0 = Debug|Any CPU
		{9A5F5BA1-0C3F-4B3F-9AE7-4FD8E3C5F2C4}.Debug|x64.ActiveCfg = Debug|Any CPU
		{9A5F5BA1-0C3F-4B3F-9AE7-4FD8E3C5F2C4}.Debug|x64.Build.0 = Debug|Any CPU
		{9A5F5BA1-0C3F-4B3F-9AE7-4FD8E3C5F2C4}.Debug|x86.ActiveCfg = Debug|Any CPU
		{9A5F5BA1-0C3F-4B3F-9AE7-4FD8E3C5F2C4}.Debug|x86.Build.0 = Debug|Any CPU
		{9A5F5BA1-0C3F-4B3F-9AE7-4FD8E3C5F2C4}.Release|Any CPU.ActiveCfg = Release|Any CPU
		{9A5F5BA1-0C3F-4B3F-9AE7-4FD8E3C5F2C4}.Release|Any CPU.Build.0 = Release|Any CPU
		{9A5F5BA1-0C3F-4B3F-9AE7-4FD8E3C5F2C4}.Release|x64.ActiveCfg = Release|Any CPU
		{9A5F5BA1-0C3F-4B3F-9AE7-4FD8E3C5F2C4}.Release|x64.Build.0 = Release|Any CPU
		{9A5F5BA1-0C3F-4B3F-9AE7-4FD8E3C5F2C4}.Release|x86.ActiveCfg = Release|Any CPU
		{9A5F5BA1-0C3F-4B3F-9AE7-4FD8E3C5F2C4}.Release|x86.Build.0 = Release|Any CPU
		{D3E7E045-5C0D-4199-AE4A-7468F477DE74}.Debug|Any CPU.ActiveCfg = Debug|Any CPU
		{D3E7E045-5C0D-4199-AE4A-7468F477DE74}.Debug|Any CPU.Build.0 = Debug|Any CPU
		{D3E7E045-5C0D-4199-AE4A-7468F477DE74}.Debug|x64.ActiveCfg = Debug|Any CPU
		{D3E7E045-5C0D-4199-AE4A-7468F477DE74}.Debug|x64.Build.0 = Debug|Any CPU
		{D3E7E045-5C0D-4199-AE4A-7468F477DE74}.Debug|x86.ActiveCfg = Debug|Any CPU
		{D3E7E045-5C0D-4199-AE4A-7468F477DE74}.Debug|x86.Build.0 = Debug|Any CPU
		{D3E7E045-5C0D-4199-AE4A-7468F477DE74}.Release|Any CPU.ActiveCfg = Release|Any CPU
		{D3E7E045-5C0D-4199-AE4A-7468F477DE74}.Release|Any CPU.Build.0 = Release|Any CPU
		{D3E7E045-5C0D-4199-AE4A-7468F477DE74}.Release|x64.ActiveCfg = Release|Any CPU
		{D3E7E045-5C0D-4199-AE4A-7468F477DE74}.Release|x64.Build.0 = Release|Any CPU
		{D3E7E045-5C0D-4199-AE4A-7468F477DE74}.Release|x86.ActiveCfg = Release|Any CPU
		{D3E7E045-5C0D-4199-AE4A-7468F477DE74}.Release|x86.Build.0 = Release|Any CPU
		{7BD8C638-56B5-438F-BE87-2A628C5F7C8F}.Debug|Any CPU.ActiveCfg = Debug|Any CPU
		{7BD8C638-56B5-438F-BE87-2A628C5F7C8F}.Debug|Any CPU.Build.0 = Debug|Any CPU
		{7BD8C638-56B5-438F-BE87-2A628C5F7C8F}.Debug|x64.ActiveCfg = Debug|Any CPU
		{7BD8C638-56B5-438F-BE87-2A628C5F7C8F}.Debug|x64.Build.0 = Debug|Any CPU
		{7BD8C638-56B5-438F-BE87-2A628C5F7C8F}.Debug|x86.ActiveCfg = Debug|Any CPU
		{7BD8C638-56B5-438F-BE87-2A628C5F7C8F}.Debug|x86.Build.0 = Debug|Any CPU
		{7BD8C638-56B5-438F-BE87-2A628C5F7C8F}.Release|Any CPU.ActiveCfg = Release|Any CPU
		{7BD8C638-56B5-438F-BE87-2A628C5F7C8F}.Release|Any CPU.Build.0 = Release|Any CPU
		{7BD8C638-56B5-438F-BE87-2A628C5F7C8F}.Release|x64.ActiveCfg = Release|Any CPU
		{7BD8C638-56B5-438F-BE87-2A628C5F7C8F}.Release|x64.Build.0 = Release|Any CPU
		{7BD8C638-56B5-438F-BE87-2A628C5F7C8F}.Release|x86.ActiveCfg = Release|Any CPU
		{7BD8C638-56B5-438F-BE87-2A628C5F7C8F}.Release|x86.Build.0 = Release|Any CPU
		{43A97106-90F1-4FC0-B66E-1D6DA5950260}.Debug|Any CPU.ActiveCfg = Debug|Any CPU
		{43A97106-90F1-4FC0-B66E-1D6DA5950260}.Debug|Any CPU.Build.0 = Debug|Any CPU
		{43A97106-90F1-4FC0-B66E-1D6DA5950260}.Debug|x64.ActiveCfg = Debug|Any CPU
		{43A97106-90F1-4FC0-B66E-1D6DA5950260}.Debug|x64.Build.0 = Debug|Any CPU
		{43A97106-90F1-4FC0-B66E-1D6DA5950260}.Debug|x86.ActiveCfg = Debug|Any CPU
		{43A97106-90F1-4FC0-B66E-1D6DA5950260}.Debug|x86.Build.0 = Debug|Any CPU
		{43A97106-90F1-4FC0-B66E-1D6DA5950260}.Release|Any CPU.ActiveCfg = Release|Any CPU
		{43A97106-90F1-4FC0-B66E-1D6DA5950260}.Release|Any CPU.Build.0 = Release|Any CPU
		{43A97106-90F1-4FC0-B66E-1D6DA5950260}.Release|x64.ActiveCfg = Release|Any CPU
		{43A97106-90F1-4FC0-B66E-1D6DA5950260}.Release|x64.Build.0 = Release|Any CPU
		{43A97106-90F1-4FC0-B66E-1D6DA5950260}.Release|x86.ActiveCfg = Release|Any CPU
		{43A97106-90F1-4FC0-B66E-1D6DA5950260}.Release|x86.Build.0 = Release|Any CPU
		{C77BBDCF-DF57-404C-B821-9DA7E6C06AD7}.Debug|Any CPU.ActiveCfg = Debug|Any CPU
		{C77BBDCF-DF57-404C-B821-9DA7E6C06AD7}.Debug|Any CPU.Build.0 = Debug|Any CPU
		{C77BBDCF-DF57-404C-B821-9DA7E6C06AD7}.Debug|x64.ActiveCfg = Debug|Any CPU
		{C77BBDCF-DF57-404C-B821-9DA7E6C06AD7}.Debug|x64.Build.0 = Debug|Any CPU
		{C77BBDCF-DF57-404C-B821-9DA7E6C06AD7}.Debug|x86.ActiveCfg = Debug|Any CPU
		{C77BBDCF-DF57-404C-B821-9DA7E6C06AD7}.Debug|x86.Build.0 = Debug|Any CPU
		{C77BBDCF-DF57-404C-B821-9DA7E6C06AD7}.Release|Any CPU.ActiveCfg = Release|Any CPU
		{C77BBDCF-DF57-404C-B821-9DA7E6C06AD7}.Release|Any CPU.Build.0 = Release|Any CPU
		{C77BBDCF-DF57-404C-B821-9DA7E6C06AD7}.Release|x64.ActiveCfg = Release|Any CPU
		{C77BBDCF-DF57-404C-B821-9DA7E6C06AD7}.Release|x64.Build.0 = Release|Any CPU
		{C77BBDCF-DF57-404C-B821-9DA7E6C06AD7}.Release|x86.ActiveCfg = Release|Any CPU
		{C77BBDCF-DF57-404C-B821-9DA7E6C06AD7}.Release|x86.Build.0 = Release|Any CPU
		{A17E9A18-4BE4-4C25-88F8-3E0B6C264B55}.Debug|Any CPU.ActiveCfg = Debug|Any CPU
		{A17E9A18-4BE4-4C25-88F8-3E0B6C264B55}.Debug|Any CPU.Build.0 = Debug|Any CPU
		{A17E9A18-4BE4-4C25-88F8-3E0B6C264B55}.Debug|x64.ActiveCfg = Debug|Any CPU
		{A17E9A18-4BE4-4C25-88F8-3E0B6C264B55}.Debug|x64.Build.0 = Debug|Any CPU
		{A17E9A18-4BE4-4C25-88F8-3E0B6C264B55}.Debug|x86.ActiveCfg = Debug|Any CPU
		{A17E9A18-4BE4-4C25-88F8-3E0B6C264B55}.Debug|x86.Build.0 = Debug|Any CPU
		{A17E9A18-4BE4-4C25-88F8-3E0B6C264B55}.Release|Any CPU.ActiveCfg = Release|Any CPU
		{A17E9A18-4BE4-4C25-88F8-3E0B6C264B55}.Release|Any CPU.Build.0 = Release|Any CPU
		{A17E9A18-4BE4-4C25-88F8-3E0B6C264B55}.Release|x64.ActiveCfg = Release|Any CPU
		{A17E9A18-4BE4-4C25-88F8-3E0B6C264B55}.Release|x64.Build.0 = Release|Any CPU
		{A17E9A18-4BE4-4C25-88F8-3E0B6C264B55}.Release|x86.ActiveCfg = Release|Any CPU
		{A17E9A18-4BE4-4C25-88F8-3E0B6C264B55}.Release|x86.Build.0 = Release|Any CPU
		{8D7E3ED3-6C45-4A9F-8C09-A0F4D50F1B9F}.Debug|Any CPU.ActiveCfg = Debug|Any CPU
		{8D7E3ED3-6C45-4A9F-8C09-A0F4D50F1B9F}.Debug|Any CPU.Build.0 = Debug|Any CPU
		{8D7E3ED3-6C45-4A9F-8C09-A0F4D50F1B9F}.Debug|x64.ActiveCfg = Debug|Any CPU
		{8D7E3ED3-6C45-4A9F-8C09-A0F4D50F1B9F}.Debug|x64.Build.0 = Debug|Any CPU
		{8D7E3ED3-6C45-4A9F-8C09-A0F4D50F1B9F}.Debug|x86.ActiveCfg = Debug|Any CPU
		{8D7E3ED3-6C45-4A9F-8C09-A0F4D50F1B9F}.Debug|x86.Build.0 = Debug|Any CPU
		{8D7E3ED3-6C45-4A9F-8C09-A0F4D50F1B9F}.Release|Any CPU.ActiveCfg = Release|Any CPU
		{8D7E3ED3-6C45-4A9F-8C09-A0F4D50F1B9F}.Release|Any CPU.Build.0 = Release|Any CPU
		{8D7E3ED3-6C45-4A9F-8C09-A0F4D50F1B9F}.Release|x64.ActiveCfg = Release|Any CPU
		{8D7E3ED3-6C45-4A9F-8C09-A0F4D50F1B9F}.Release|x64.Build.0 = Release|Any CPU
		{8D7E3ED3-6C45-4A9F-8C09-A0F4D50F1B9F}.Release|x86.ActiveCfg = Release|Any CPU
		{8D7E3ED3-6C45-4A9F-8C09-A0F4D50F1B9F}.Release|x86.Build.0 = Release|Any CPU
		{E53E900D-1022-490F-B559-E74774E27FE3}.Debug|Any CPU.ActiveCfg = Debug|Any CPU
		{E53E900D-1022-490F-B559-E74774E27FE3}.Debug|Any CPU.Build.0 = Debug|Any CPU
		{E53E900D-1022-490F-B559-E74774E27FE3}.Debug|x64.ActiveCfg = Debug|Any CPU
		{E53E900D-1022-490F-B559-E74774E27FE3}.Debug|x64.Build.0 = Debug|Any CPU
		{E53E900D-1022-490F-B559-E74774E27FE3}.Debug|x86.ActiveCfg = Debug|Any CPU
		{E53E900D-1022-490F-B559-E74774E27FE3}.Debug|x86.Build.0 = Debug|Any CPU
		{E53E900D-1022-490F-B559-E74774E27FE3}.Release|Any CPU.ActiveCfg = Release|Any CPU
		{E53E900D-1022-490F-B559-E74774E27FE3}.Release|Any CPU.Build.0 = Release|Any CPU
		{E53E900D-1022-490F-B559-E74774E27FE3}.Release|x64.ActiveCfg = Release|Any CPU
		{E53E900D-1022-490F-B559-E74774E27FE3}.Release|x64.Build.0 = Release|Any CPU
		{E53E900D-1022-490F-B559-E74774E27FE3}.Release|x86.ActiveCfg = Release|Any CPU
		{E53E900D-1022-490F-B559-E74774E27FE3}.Release|x86.Build.0 = Release|Any CPU
	EndGlobalSection
	GlobalSection(SolutionProperties) = preSolution
		HideSolutionNode = FALSE
	EndGlobalSection
	GlobalSection(ExtensibilityGlobals) = postSolution
		SolutionGuid = {6E454636-A821-46B9-A0BD-05DA9F1F5DE1}
	EndGlobalSection
EndGlobal
